
Microsoft Visual Studio Solution File, Format Version 12.00
# Visual Studio Version 17
VisualStudioVersion = 17.6.33815.320
MinimumVisualStudioVersion = 10.0.40219.1
Project("{FAE04EC0-301F-11D3-BF4B-00C04F79EFBC}") = "Deliverable 2", "Deliverable 2\Deliverable 2.csproj", "{C5B42FB3-6F5A-4F17-B795-B58E835F962C}"
EndProject
Global
	GlobalSection(SolutionConfigurationPlatforms) = preSolution
		Debug|Any CPU = Debug|Any CPU
		Release|Any CPU = Release|Any CPU
	EndGlobalSection
	GlobalSection(ProjectConfigurationPlatforms) = postSolution
		{C5B42FB3-6F5A-4F17-B795-B58E835F962C}.Debug|Any CPU.ActiveCfg = Debug|Any CPU
		{C5B42FB3-6F5A-4F17-B795-B58E835F962C}.Debug|Any CPU.Build.0 = Debug|Any CPU
		{C5B42FB3-6F5A-4F17-B795-B58E835F962C}.Release|Any CPU.ActiveCfg = Release|Any CPU
		{C5B42FB3-6F5A-4F17-B795-B58E835F962C}.Release|Any CPU.Build.0 = Release|Any CPU
	EndGlobalSection
	GlobalSection(SolutionProperties) = preSolution
		HideSolutionNode = FALSE
	EndGlobalSection
	GlobalSection(ExtensibilityGlobals) = postSolution
		SolutionGuid = {632A9AEE-577C-4638-9EA6-78A6BB6551B0}
	EndGlobalSection
EndGlobal
